// !$*UTF8*$!
{
	archiveVersion = 1;
	classes = {
	};
	objectVersion = 60;
	objects = {

/* Begin PBXBuildFile section */
		BA000001000000000000001E /* AppDelegate.swift in Sources */ = {isa = PBXBuildFile; fileRef = BA000001000000000000001F /* AppDelegate.swift */; };
		BA000001000000000000002E /* ContentView.swift in Sources */ = {isa = PBXBuildFile; fileRef = BA000001000000000000002F /* ContentView.swift */; };
		BA000001000000000000003E /* LLMSettingsView.swift in Sources */ = {isa = PBXBuildFile; fileRef = BA000001000000000000003F /* LLMSettingsView.swift */; };
		BA000001000000000000004E /* PersonEditorView.swift in Sources */ = {isa = PBXBuildFile; fileRef = BA000001000000000000004F /* PersonEditorView.swift */; };
		BA000001000000000000005E /* PersonViewModel.swift in Sources */ = {isa = PBXBuildFile; fileRef = BA000001000000000000005F /* PersonViewModel.swift */; };
		BA000001000000000000006E /* WikipediaScraperApp.swift in Sources */ = {isa = PBXBuildFile; fileRef = BA000001000000000000006F /* WikipediaScraperApp.swift */; };
		BA000001000000000000007E /* Assets.xcassets in Resources */ = {isa = PBXBuildFile; fileRef = BA000001000000000000007F /* Assets.xcassets */; };
		BA000001000000000000009E /* WikipediaScraperCore in Frameworks */ = {isa = PBXBuildFile; productRef = BA000001000000000000009F /* WikipediaScraperCore */; };
		BA00000100000000000000AE /* WikipediaScraperSharedUI in Frameworks */ = {isa = PBXBuildFile; productRef = BA00000100000000000000AF /* WikipediaScraperSharedUI */; };
		BB000001000000000000001E /* ShareViewController.swift in Sources */ = {isa = PBXBuildFile; fileRef = BB000001000000000000001F /* ShareViewController.swift */; };
		BB0000010000000000000070 /* WikipediaToGEDCOMShareMac.appex in Embed App Extensions */ = {isa = PBXBuildFile; fileRef = BB000001000000000000008F /* WikipediaToGEDCOMShareMac.appex */; settings = {ATTRIBUTES = (CodeSignOnCopy, RemoveHeadersOnCopy, ); }; };
		BA000001000000000000011E /* URLRouter.swift in Sources */ = {isa = PBXBuildFile; fileRef = BA000001000000000000011F /* URLRouter.swift */; };
		BC000001000000000000001E /* WikipediaScraperCommand.swift in Sources */ = {isa = PBXBuildFile; fileRef = BC000001000000000000001F /* WikipediaScraperCommand.swift */; };
		BC000001000000000000009E /* WikipediaScraperCore in Frameworks */ = {isa = PBXBuildFile; productRef = BC000001000000000000009F /* WikipediaScraperCore */; };
		BC00000100000000000000AE /* ArgumentParser in Frameworks */ = {isa = PBXBuildFile; productRef = BC00000100000000000000AF /* ArgumentParser */; };
		BD00000100000000000000010E /* DateParserTests.swift in Sources */ = {isa = PBXBuildFile; fileRef = BD00000100000000000000010F /* DateParserTests.swift */; };
		BD00000100000000000000011E /* GEDCOMBuilderTests.swift in Sources */ = {isa = PBXBuildFile; fileRef = BD00000100000000000000011F /* GEDCOMBuilderTests.swift */; };
		BD00000100000000000000012E /* GEDZIPBuilderTests.swift in Sources */ = {isa = PBXBuildFile; fileRef = BD00000100000000000000012F /* GEDZIPBuilderTests.swift */; };
		BD00000100000000000000013E /* InfoboxParserTests.swift in Sources */ = {isa = PBXBuildFile; fileRef = BD00000100000000000000013F /* InfoboxParserTests.swift */; };
		BD00000100000000000000014E /* IntegrationTests.swift in Sources */ = {isa = PBXBuildFile; fileRef = BD00000100000000000000014F /* IntegrationTests.swift */; };
		BD00000100000000000000015E /* LLMTests.swift in Sources */ = {isa = PBXBuildFile; fileRef = BD00000100000000000000015F /* LLMTests.swift */; };
		BD00000100000000000000016E /* MappingsReporterTests.swift in Sources */ = {isa = PBXBuildFile; fileRef = BD00000100000000000000016F /* MappingsReporterTests.swift */; };
		BD00000100000000000000017E /* ScraperConfigTests.swift in Sources */ = {isa = PBXBuildFile; fileRef = BD00000100000000000000017F /* ScraperConfigTests.swift */; };
		BD00000100000000000000018E /* WikipediaClientURLTests.swift in Sources */ = {isa = PBXBuildFile; fileRef = BD00000100000000000000018F /* WikipediaClientURLTests.swift */; };
		BD00000100000000000000AE /* WikipediaScraperCore in Frameworks (Tests) */ = {isa = PBXBuildFile; productRef = BD00000100000000000000AF /* WikipediaScraperCore */; };
/* End PBXBuildFile section */

/* Begin PBXContainerItemProxy section */
		BB00000100000000000000D2 /* PBXContainerItemProxy */ = {
			isa = PBXContainerItemProxy;
			containerPortal = BA00000100000000000000F0 /* Project object */;
			proxyType = 1;
			remoteGlobalIDString = BB00000100000000000000D0;
			remoteInfo = WikipediaToGEDCOMShareMac;
		};
/* End PBXContainerItemProxy section */

/* Begin PBXCopyFilesBuildPhase section */
		BA00000100000000000000B0 /* Embed App Extensions */ = {
			isa = PBXCopyFilesBuildPhase;
			buildActionMask = 2147483647;
			dstPath = "";
			dstSubfolderSpec = 13;
			files = (
				BB0000010000000000000070 /* WikipediaToGEDCOMShareMac.appex in Embed App Extensions */,
			);
			name = "Embed App Extensions";
			runOnlyForDeploymentPostprocessing = 0;
		};
/* End PBXCopyFilesBuildPhase section */

/* Begin PBXFileReference section */
		BA000001000000000000001F /* AppDelegate.swift */ = {isa = PBXFileReference; lastKnownFileType = sourcecode.swift; path = AppDelegate.swift; sourceTree = "<group>"; };
		BA000001000000000000002F /* ContentView.swift */ = {isa = PBXFileReference; lastKnownFileType = sourcecode.swift; path = ContentView.swift; sourceTree = "<group>"; };
		BA000001000000000000003F /* LLMSettingsView.swift */ = {isa = PBXFileReference; lastKnownFileType = sourcecode.swift; path = LLMSettingsView.swift; sourceTree = "<group>"; };
		BA000001000000000000004F /* PersonEditorView.swift */ = {isa = PBXFileReference; lastKnownFileType = sourcecode.swift; path = PersonEditorView.swift; sourceTree = "<group>"; };
		BA000001000000000000005F /* PersonViewModel.swift */ = {isa = PBXFileReference; lastKnownFileType = sourcecode.swift; path = PersonViewModel.swift; sourceTree = "<group>"; };
		BA000001000000000000006F /* WikipediaScraperApp.swift */ = {isa = PBXFileReference; lastKnownFileType = sourcecode.swift; path = WikipediaScraperApp.swift; sourceTree = "<group>"; };
		BA000001000000000000007F /* Assets.xcassets */ = {isa = PBXFileReference; lastKnownFileType = folder.assetcatalog; path = Assets.xcassets; sourceTree = "<group>"; };
		BA000001000000000000008E /* Info.plist */ = {isa = PBXFileReference; lastKnownFileType = text.plist.xml; path = Info.plist; sourceTree = "<group>"; };
		BA000001000000000000008F /* WikipediaScraperMac.app */ = {isa = PBXFileReference; explicitFileType = wrapper.application; includeInIndex = 0; path = WikipediaScraperMac.app; sourceTree = BUILT_PRODUCTS_DIR; };
		BB000001000000000000001F /* ShareViewController.swift */ = {isa = PBXFileReference; lastKnownFileType = sourcecode.swift; path = ShareViewController.swift; sourceTree = "<group>"; };
		BB000001000000000000007F /* Info.plist */ = {isa = PBXFileReference; lastKnownFileType = text.plist.xml; path = Info.plist; sourceTree = "<group>"; };
		BB000001000000000000008F /* WikipediaToGEDCOMShareMac.appex */ = {isa = PBXFileReference; explicitFileType = "wrapper.app-extension"; includeInIndex = 0; path = WikipediaToGEDCOMShareMac.appex; sourceTree = BUILT_PRODUCTS_DIR; };
		BA000001000000000000011F /* URLRouter.swift */ = {isa = PBXFileReference; lastKnownFileType = sourcecode.swift; path = URLRouter.swift; sourceTree = "<group>"; };
		BC000001000000000000001F /* WikipediaScraperCommand.swift */ = {isa = PBXFileReference; lastKnownFileType = sourcecode.swift; path = WikipediaScraperCommand.swift; sourceTree = "<group>"; };
		BC000001000000000000008F /* WikipediaScraper */ = {isa = PBXFileReference; explicitFileType = "compiled.mach-o.executable"; includeInIndex = 0; path = WikipediaScraper; sourceTree = BUILT_PRODUCTS_DIR; };
		BD00000100000000000000010F /* DateParserTests.swift */ = {isa = PBXFileReference; lastKnownFileType = sourcecode.swift; path = DateParserTests.swift; sourceTree = "<group>"; };
		BD00000100000000000000011F /* GEDCOMBuilderTests.swift */ = {isa = PBXFileReference; lastKnownFileType = sourcecode.swift; path = GEDCOMBuilderTests.swift; sourceTree = "<group>"; };
		BD00000100000000000000012F /* GEDZIPBuilderTests.swift */ = {isa = PBXFileReference; lastKnownFileType = sourcecode.swift; path = GEDZIPBuilderTests.swift; sourceTree = "<group>"; };
		BD00000100000000000000013F /* InfoboxParserTests.swift */ = {isa = PBXFileReference; lastKnownFileType = sourcecode.swift; path = InfoboxParserTests.swift; sourceTree = "<group>"; };
		BD00000100000000000000014F /* IntegrationTests.swift */ = {isa = PBXFileReference; lastKnownFileType = sourcecode.swift; path = IntegrationTests.swift; sourceTree = "<group>"; };
		BD00000100000000000000015F /* LLMTests.swift */ = {isa = PBXFileReference; lastKnownFileType = sourcecode.swift; path = LLMTests.swift; sourceTree = "<group>"; };
		BD00000100000000000000016F /* MappingsReporterTests.swift */ = {isa = PBXFileReference; lastKnownFileType = sourcecode.swift; path = MappingsReporterTests.swift; sourceTree = "<group>"; };
		BD00000100000000000000017F /* ScraperConfigTests.swift */ = {isa = PBXFileReference; lastKnownFileType = sourcecode.swift; path = ScraperConfigTests.swift; sourceTree = "<group>"; };
		BD00000100000000000000018F /* WikipediaClientURLTests.swift */ = {isa = PBXFileReference; lastKnownFileType = sourcecode.swift; path = WikipediaClientURLTests.swift; sourceTree = "<group>"; };
		BD000001000000000000008F /* WikipediaScraperTests.xctest */ = {isa = PBXFileReference; explicitFileType = wrapper.cfbundle; includeInIndex = 0; path = WikipediaScraperTests.xctest; sourceTree = BUILT_PRODUCTS_DIR; };
/* End PBXFileReference section */

/* Begin PBXFrameworksBuildPhase section */
		BA00000100000000000000B1 /* Frameworks */ = {
			isa = PBXFrameworksBuildPhase;
			buildActionMask = 2147483647;
			files = (
				BA000001000000000000009E /* WikipediaScraperCore in Frameworks */,
				BA00000100000000000000AE /* WikipediaScraperSharedUI in Frameworks */,
			);
			runOnlyForDeploymentPostprocessing = 0;
		};
		BB00000100000000000000B1 /* Frameworks */ = {
			isa = PBXFrameworksBuildPhase;
			buildActionMask = 2147483647;
			files = (
			);
			runOnlyForDeploymentPostprocessing = 0;
		};
		BC00000100000000000000B1 /* Frameworks */ = {
			isa = PBXFrameworksBuildPhase;
			buildActionMask = 2147483647;
			files = (
				BC000001000000000000009E /* WikipediaScraperCore in Frameworks */,
				BC00000100000000000000AE /* ArgumentParser in Frameworks */,
			);
			runOnlyForDeploymentPostprocessing = 0;
		};
		BD00000100000000000000B1 /* Frameworks */ = {
			isa = PBXFrameworksBuildPhase;
			buildActionMask = 2147483647;
			files = (
				BD00000100000000000000AE /* WikipediaScraperCore in Frameworks (Tests) */,
			);
			runOnlyForDeploymentPostprocessing = 0;
		};
/* End PBXFrameworksBuildPhase section */

/* Begin PBXGroup section */
		BA00000100000000000000C0 = {
			isa = PBXGroup;
			children = (
				BA00000100000000000000C1 /* Sources/WikipediaScraperApp */,
				BB00000100000000000000C1 /* Sources/WikipediaToGEDCOMShareMac */,
				BC00000100000000000000C1 /* Sources/WikipediaScraper */,
				BD00000100000000000000C1 /* Tests/WikipediaScraperTests */,
				BA00000100000000000000C2 /* Products */,
			);
			sourceTree = "<group>";
		};
		BA00000100000000000000C1 /* Sources/WikipediaScraperApp */ = {
			isa = PBXGroup;
			children = (
				BA000001000000000000001F /* AppDelegate.swift */,
				BA000001000000000000002F /* ContentView.swift */,
				BA000001000000000000003F /* LLMSettingsView.swift */,
				BA000001000000000000004F /* PersonEditorView.swift */,
				BA000001000000000000005F /* PersonViewModel.swift */,
				BA000001000000000000006F /* WikipediaScraperApp.swift */,
				BA000001000000000000011F /* URLRouter.swift */,
				BA000001000000000000007F /* Assets.xcassets */,
				BA000001000000000000008E /* Info.plist */,
			);
			path = Sources/WikipediaScraperApp;
			sourceTree = "<group>";
		};
		BA00000100000000000000C2 /* Products */ = {
			isa = PBXGroup;
			children = (
				BA000001000000000000008F /* WikipediaScraperMac.app */,
				BB000001000000000000008F /* WikipediaToGEDCOMShareMac.appex */,
				BC000001000000000000008F /* WikipediaScraper */,
				BD000001000000000000008F /* WikipediaScraperTests.xctest */,
			);
			name = Products;
			sourceTree = "<group>";
		};
		BC00000100000000000000C1 /* Sources/WikipediaScraper */ = {
			isa = PBXGroup;
			children = (
				BC000001000000000000001F /* WikipediaScraperCommand.swift */,
			);
			path = Sources/WikipediaScraper;
			sourceTree = "<group>";
		};
		BB00000100000000000000C1 /* Sources/WikipediaToGEDCOMShareMac */ = {
			isa = PBXGroup;
			children = (
				BB000001000000000000001F /* ShareViewController.swift */,
				BB000001000000000000007F /* Info.plist */,
			);
			path = Sources/WikipediaToGEDCOMShareMac;
			sourceTree = "<group>";
		};
		BD00000100000000000000C1 /* Tests/WikipediaScraperTests */ = {
			isa = PBXGroup;
			children = (
				BD00000100000000000000010F /* DateParserTests.swift */,
				BD00000100000000000000011F /* GEDCOMBuilderTests.swift */,
				BD00000100000000000000012F /* GEDZIPBuilderTests.swift */,
				BD00000100000000000000013F /* InfoboxParserTests.swift */,
				BD00000100000000000000014F /* IntegrationTests.swift */,
				BD00000100000000000000015F /* LLMTests.swift */,
				BD00000100000000000000016F /* MappingsReporterTests.swift */,
				BD00000100000000000000017F /* ScraperConfigTests.swift */,
				BD00000100000000000000018F /* WikipediaClientURLTests.swift */,
			);
			path = Tests/WikipediaScraperTests;
			sourceTree = "<group>";
		};
/* End PBXGroup section */

/* Begin PBXNativeTarget section */
		BA00000100000000000000D0 /* WikipediaScraperMac */ = {
			isa = PBXNativeTarget;
			buildConfigurationList = BA00000100000000000000E0 /* Build configuration list for PBXNativeTarget "WikipediaScraperMac" */;
			buildPhases = (
				BA00000100000000000000B1 /* Frameworks */,
				BA00000100000000000000B2 /* Sources */,
				BA00000100000000000000B3 /* Resources */,
				BA00000100000000000000B0 /* Embed App Extensions */,
			);
			buildRules = (
			);
			dependencies = (
				BB00000100000000000000D1 /* PBXTargetDependency */,
			);
			name = WikipediaScraperMac;
			packageProductDependencies = (
				BA000001000000000000009F /* WikipediaScraperCore */,
				BA00000100000000000000AF /* WikipediaScraperSharedUI */,
			);
			productName = WikipediaScraperMac;
			productReference = BA000001000000000000008F /* WikipediaScraperMac.app */;
			productType = "com.apple.product-type.application";
		};
		BC00000100000000000000D0 /* WikipediaScraper */ = {
			isa = PBXNativeTarget;
			buildConfigurationList = BC00000100000000000000E0 /* Build configuration list for PBXNativeTarget "WikipediaScraper" */;
			buildPhases = (
				BC00000100000000000000B1 /* Frameworks */,
				BC00000100000000000000B2 /* Sources */,
			);
			buildRules = (
			);
			dependencies = (
			);
			name = WikipediaScraper;
			packageProductDependencies = (
				BC000001000000000000009F /* WikipediaScraperCore */,
				BC00000100000000000000AF /* ArgumentParser */,
			);
			productName = WikipediaScraper;
			productReference = BC000001000000000000008F /* WikipediaScraper */;
			productType = "com.apple.product-type.tool";
		};
		BB00000100000000000000D0 /* WikipediaToGEDCOMShareMac */ = {
			isa = PBXNativeTarget;
			buildConfigurationList = BB00000100000000000000E0 /* Build configuration list for PBXNativeTarget "WikipediaToGEDCOMShareMac" */;
			buildPhases = (
				BB00000100000000000000B1 /* Frameworks */,
				BB00000100000000000000B2 /* Sources */,
				BB00000100000000000000B3 /* Resources */,
			);
			buildRules = (
			);
			dependencies = (
			);
			name = WikipediaToGEDCOMShareMac;
			packageProductDependencies = (
			);
			productName = WikipediaToGEDCOMShareMac;
			productReference = BB000001000000000000008F /* WikipediaToGEDCOMShareMac.appex */;
			productType = "com.apple.product-type.app-extension";
		};
		BD00000100000000000000D0 /* WikipediaScraperTests */ = {
			isa = PBXNativeTarget;
			buildConfigurationList = BD00000100000000000000E0 /* Build configuration list for PBXNativeTarget "WikipediaScraperTests" */;
			buildPhases = (
				BD00000100000000000000B1 /* Frameworks */,
				BD00000100000000000000B2 /* Sources */,
			);
			buildRules = (
			);
			dependencies = (
			);
			name = WikipediaScraperTests;
			packageProductDependencies = (
				BD00000100000000000000AF /* WikipediaScraperCore */,
			);
			productName = WikipediaScraperTests;
			productReference = BD000001000000000000008F /* WikipediaScraperTests.xctest */;
			productType = "com.apple.product-type.bundle.unit-test";
		};
/* End PBXNativeTarget section */

/* Begin PBXProject section */
		BA00000100000000000000F0 /* Project object */ = {
			isa = PBXProject;
			attributes = {
				BuildIndependentTargetsInParallel = 1;
				LastSwiftUpdateCheck = 1500;
				LastUpgradeCheck = 1500;
				TargetAttributes = {
					BA00000100000000000000D0 = {
						CreatedOnToolsVersion = 15.0;
					};
					BB00000100000000000000D0 = {
						CreatedOnToolsVersion = 15.0;
					};
					BC00000100000000000000D0 = {
						CreatedOnToolsVersion = 15.0;
					};
				};
			};
			buildConfigurationList = BA00000100000000000000F1 /* Build configuration list for PBXProject "WikipediaScraperMac" */;
			compatibilityVersion = "Xcode 14.0";
			developmentRegion = en;
			hasScannedForEncodings = 0;
			knownRegions = (
				en,
				Base,
			);
			mainGroup = BA00000100000000000000C0;
			packageReferences = (
				BA00000100000000000000A0 /* XCLocalSwiftPackageReference "." */,
				BC00000100000000000000A0 /* XCRemoteSwiftPackageReference "swift-argument-parser" */,
			);
			productRefGroup = BA00000100000000000000C2 /* Products */;
			projectDirPath = "";
			projectRoot = "";
			targets = (
				BA00000100000000000000D0 /* WikipediaScraperMac */,
				BB00000100000000000000D0 /* WikipediaToGEDCOMShareMac */,
				BC00000100000000000000D0 /* WikipediaScraper */,
				BD00000100000000000000D0 /* WikipediaScraperTests */,
			);
		};
/* End PBXProject section */

/* Begin PBXResourcesBuildPhase section */
		BA00000100000000000000B3 /* Resources */ = {
			isa = PBXResourcesBuildPhase;
			buildActionMask = 2147483647;
			files = (
				BA000001000000000000007E /* Assets.xcassets in Resources */,
			);
			runOnlyForDeploymentPostprocessing = 0;
		};
		BB00000100000000000000B3 /* Resources */ = {
			isa = PBXResourcesBuildPhase;
			buildActionMask = 2147483647;
			files = (
			);
			runOnlyForDeploymentPostprocessing = 0;
		};
/* End PBXResourcesBuildPhase section */

/* Begin PBXSourcesBuildPhase section */
		BA00000100000000000000B2 /* Sources */ = {
			isa = PBXSourcesBuildPhase;
			buildActionMask = 2147483647;
			files = (
				BA000001000000000000001E /* AppDelegate.swift in Sources */,
				BA000001000000000000002E /* ContentView.swift in Sources */,
				BA000001000000000000003E /* LLMSettingsView.swift in Sources */,
				BA000001000000000000004E /* PersonEditorView.swift in Sources */,
				BA000001000000000000005E /* PersonViewModel.swift in Sources */,
				BA000001000000000000006E /* WikipediaScraperApp.swift in Sources */,
				BA000001000000000000011E /* URLRouter.swift in Sources */,
			);
			runOnlyForDeploymentPostprocessing = 0;
		};
		BB00000100000000000000B2 /* Sources */ = {
			isa = PBXSourcesBuildPhase;
			buildActionMask = 2147483647;
			files = (
				BB000001000000000000001E /* ShareViewController.swift in Sources */,
			);
			runOnlyForDeploymentPostprocessing = 0;
		};
		BC00000100000000000000B2 /* Sources */ = {
			isa = PBXSourcesBuildPhase;
			buildActionMask = 2147483647;
			files = (
				BC000001000000000000001E /* WikipediaScraperCommand.swift in Sources */,
			);
			runOnlyForDeploymentPostprocessing = 0;
		};
		BD00000100000000000000B2 /* Sources */ = {
			isa = PBXSourcesBuildPhase;
			buildActionMask = 2147483647;
			files = (
				BD00000100000000000000010E /* DateParserTests.swift in Sources */,
				BD00000100000000000000011E /* GEDCOMBuilderTests.swift in Sources */,
				BD00000100000000000000012E /* GEDZIPBuilderTests.swift in Sources */,
				BD00000100000000000000013E /* InfoboxParserTests.swift in Sources */,
				BD00000100000000000000014E /* IntegrationTests.swift in Sources */,
				BD00000100000000000000015E /* LLMTests.swift in Sources */,
				BD00000100000000000000016E /* MappingsReporterTests.swift in Sources */,
				BD00000100000000000000017E /* ScraperConfigTests.swift in Sources */,
				BD00000100000000000000018E /* WikipediaClientURLTests.swift in Sources */,
			);
			runOnlyForDeploymentPostprocessing = 0;
		};
/* End PBXSourcesBuildPhase section */

/* Begin PBXTargetDependency section */
		BB00000100000000000000D1 /* PBXTargetDependency */ = {
			isa = PBXTargetDependency;
			target = BB00000100000000000000D0 /* WikipediaToGEDCOMShareMac */;
			targetProxy = BB00000100000000000000D2 /* PBXContainerItemProxy */;
		};
/* End PBXTargetDependency section */

/* Begin XCBuildConfiguration section */
		BA00000100000000000000E1 /* Debug */ = {
			isa = XCBuildConfiguration;
			buildSettings = {
				ASSETCATALOG_COMPILER_APPICON_NAME = AppIcon;
				CODE_SIGN_ENTITLEMENTS = WikipediaScraperMac.entitlements;
				CODE_SIGN_IDENTITY = "-";
				CODE_SIGN_STYLE = Manual;
				CURRENT_PROJECT_VERSION = 1;
				DEVELOPMENT_TEAM = "";
				GENERATE_INFOPLIST_FILE = NO;
				INFOPLIST_FILE = Sources/WikipediaScraperApp/Info.plist;
				MACOSX_DEPLOYMENT_TARGET = 13.0;
				MARKETING_VERSION = 1.0;
				PRODUCT_BUNDLE_IDENTIFIER = com.psteinauer.WikipediaToGEDCOM;
				PRODUCT_NAME = WikipediaScraperMac;
				SDKROOT = macosx;
				SWIFT_VERSION = 5.0;
			};
			name = Debug;
		};
		BA00000100000000000000E2 /* Release */ = {
			isa = XCBuildConfiguration;
			buildSettings = {
				ASSETCATALOG_COMPILER_APPICON_NAME = AppIcon;
				CODE_SIGN_ENTITLEMENTS = WikipediaScraperMac.entitlements;
				CODE_SIGN_IDENTITY = "-";
				CODE_SIGN_STYLE = Manual;
				CURRENT_PROJECT_VERSION = 1;
				DEVELOPMENT_TEAM = "";
				GENERATE_INFOPLIST_FILE = NO;
				INFOPLIST_FILE = Sources/WikipediaScraperApp/Info.plist;
				MACOSX_DEPLOYMENT_TARGET = 13.0;
				MARKETING_VERSION = 1.0;
				PRODUCT_BUNDLE_IDENTIFIER = com.psteinauer.WikipediaToGEDCOM;
				PRODUCT_NAME = WikipediaScraperMac;
				SDKROOT = macosx;
				SWIFT_VERSION = 5.0;
			};
			name = Release;
		};
		BA00000100000000000000F2 /* Debug */ = {
			isa = XCBuildConfiguration;
			buildSettings = {
				ALWAYS_SEARCH_USER_PATHS = NO;
				CLANG_ANALYZER_NONNULL = YES;
				CLANG_CXX_LANGUAGE_STANDARD = "gnu++17";
				CLANG_ENABLE_MODULES = YES;
				CLANG_ENABLE_OBJC_ARC = YES;
				CLANG_ENABLE_OBJC_WEAK = YES;
				CLANG_WARN_BLOCK_CAPTURE_AUTORELEASING = YES;
				CLANG_WARN_BOOL_CONVERSION = YES;
				CLANG_WARN_COMMA = YES;
				CLANG_WARN_CONSTANT_CONVERSION = YES;
				CLANG_WARN_DEPRECATED_OBJC_IMPLEMENTATIONS = YES;
				CLANG_WARN_DIRECT_OBJC_IVAR_ACCESS = YES;
				CLANG_WARN_EMPTY_BODY = YES;
				CLANG_WARN_ENUM_CONVERSION = YES;
				CLANG_WARN_INFINITE_RECURSION = YES;
				CLANG_WARN_INT_CONVERSION = YES;
				CLANG_WARN_NON_LITERAL_NULL_CONVERSION = YES;
				CLANG_WARN_OBJC_IMPLICIT_RETAIN_SELF = YES;
				CLANG_WARN_OBJC_LITERAL_CONVERSION = YES;
				CLANG_WARN_OBJC_ROOT_CLASS = YES_ERROR;
				CLANG_WARN_RANGE_LOOP_ANALYSIS = YES;
				CLANG_WARN_STRICT_PROTOTYPES = YES;
				CLANG_WARN_SUSPICIOUS_MOVE = YES;
				CLANG_WARN_UNGUARDED_AVAILABILITY = YES_AGGRESSIVE;
				CLANG_WARN_UNREACHABLE_CODE = YES;
				CLANG_WARN__DUPLICATE_METHOD_DECL = YES;
				COPY_PHASE_STRIP = NO;
				DEBUG_INFORMATION_FORMAT = dwarf;
				ENABLE_STRICT_OBJC_MSGSEND = YES;
				ENABLE_TESTABILITY = YES;
				GCC_C_LANGUAGE_STANDARD = gnu11;
				GCC_DYNAMIC_NO_PIC = NO;
				GCC_NO_COMMON_BLOCKS = YES;
				GCC_OPTIMIZATION_LEVEL = 0;
				GCC_PREPROCESSOR_DEFINITIONS = (
					"DEBUG=1",
					"$(inherited)",
				);
				GCC_WARN_64_TO_32_BIT_CONVERSION = YES;
				GCC_WARN_ABOUT_RETURN_TYPE = YES_ERROR;
				GCC_WARN_UNDECLARED_SELECTOR = YES;
				GCC_WARN_UNINITIALIZED_AUTOS = YES_AGGRESSIVE;
				GCC_WARN_UNUSED_FUNCTION = YES;
				GCC_WARN_UNUSED_VARIABLE = YES;
				MACOSX_DEPLOYMENT_TARGET = 13.0;
				MTL_ENABLE_DEBUG_INFO = INCLUDE_SOURCE;
				MTL_FAST_MATH = YES;
				ONLY_ACTIVE_ARCH = YES;
				SDKROOT = macosx;
				SWIFT_ACTIVE_COMPILATION_CONDITIONS = DEBUG;
				SWIFT_OPTIMIZATION_LEVEL = "-Onone";
			};
			name = Debug;
		};
		BA00000100000000000000F3 /* Release */ = {
			isa = XCBuildConfiguration;
			buildSettings = {
				ALWAYS_SEARCH_USER_PATHS = NO;
				CLANG_ANALYZER_NONNULL = YES;
				CLANG_CXX_LANGUAGE_STANDARD = "gnu++17";
				CLANG_ENABLE_MODULES = YES;
				CLANG_ENABLE_OBJC_ARC = YES;
				CLANG_ENABLE_OBJC_WEAK = YES;
				CLANG_WARN_BLOCK_CAPTURE_AUTORELEASING = YES;
				CLANG_WARN_BOOL_CONVERSION = YES;
				CLANG_WARN_COMMA = YES;
				CLANG_WARN_CONSTANT_CONVERSION = YES;
				CLANG_WARN_DEPRECATED_OBJC_IMPLEMENTATIONS = YES;
				CLANG_WARN_DIRECT_OBJC_IVAR_ACCESS = YES;
				CLANG_WARN_EMPTY_BODY = YES;
				CLANG_WARN_ENUM_CONVERSION = YES;
				CLANG_WARN_INFINITE_RECURSION = YES;
				CLANG_WARN_INT_CONVERSION = YES;
				CLANG_WARN_NON_LITERAL_NULL_CONVERSION = YES;
				CLANG_WARN_OBJC_IMPLICIT_RETAIN_SELF = YES;
				CLANG_WARN_OBJC_LITERAL_CONVERSION = YES;
				CLANG_WARN_OBJC_ROOT_CLASS = YES_ERROR;
				CLANG_WARN_RANGE_LOOP_ANALYSIS = YES;
				CLANG_WARN_STRICT_PROTOTYPES = YES;
				CLANG_WARN_SUSPICIOUS_MOVE = YES;
				CLANG_WARN_UNGUARDED_AVAILABILITY = YES_AGGRESSIVE;
				CLANG_WARN_UNREACHABLE_CODE = YES;
				CLANG_WARN__DUPLICATE_METHOD_DECL = YES;
				COPY_PHASE_STRIP = NO;
				DEBUG_INFORMATION_FORMAT = "dwarf-with-dsym";
				ENABLE_NS_ASSERTIONS = NO;
				ENABLE_STRICT_OBJC_MSGSEND = YES;
				GCC_C_LANGUAGE_STANDARD = gnu11;
				GCC_NO_COMMON_BLOCKS = YES;
				GCC_WARN_64_TO_32_BIT_CONVERSION = YES;
				GCC_WARN_ABOUT_RETURN_TYPE = YES_ERROR;
				GCC_WARN_UNDECLARED_SELECTOR = YES;
				GCC_WARN_UNINITIALIZED_AUTOS = YES_AGGRESSIVE;
				GCC_WARN_UNUSED_FUNCTION = YES;
				GCC_WARN_UNUSED_VARIABLE = YES;
				MACOSX_DEPLOYMENT_TARGET = 13.0;
				MTL_FAST_MATH = YES;
				SDKROOT = macosx;
				SWIFT_OPTIMIZATION_LEVEL = "-Owholemodule";
				VALIDATE_PRODUCT = YES;
			};
			name = Release;
		};
		BB00000100000000000000E1 /* Debug */ = {
			isa = XCBuildConfiguration;
			buildSettings = {
				CODE_SIGN_ENTITLEMENTS = WikipediaToGEDCOMShareMac.entitlements;
				CODE_SIGN_IDENTITY = "-";
				CODE_SIGN_STYLE = Manual;
				CURRENT_PROJECT_VERSION = 1;
				DEVELOPMENT_TEAM = "";
				GENERATE_INFOPLIST_FILE = NO;
				INFOPLIST_FILE = Sources/WikipediaToGEDCOMShareMac/Info.plist;
				MACOSX_DEPLOYMENT_TARGET = 13.0;
				MARKETING_VERSION = 1.0;
				PRODUCT_BUNDLE_IDENTIFIER = com.psteinauer.WikipediaToGEDCOM.ShareExtension;
				PRODUCT_NAME = WikipediaToGEDCOMShareMac;
				SDKROOT = macosx;
				SKIP_INSTALL = YES;
				SWIFT_VERSION = 5.0;
			};
			name = Debug;
		};
		BB00000100000000000000E2 /* Release */ = {
			isa = XCBuildConfiguration;
			buildSettings = {
				CODE_SIGN_ENTITLEMENTS = WikipediaToGEDCOMShareMac.entitlements;
				CODE_SIGN_IDENTITY = "-";
				CODE_SIGN_STYLE = Manual;
				CURRENT_PROJECT_VERSION = 1;
				DEVELOPMENT_TEAM = "";
				GENERATE_INFOPLIST_FILE = NO;
				INFOPLIST_FILE = Sources/WikipediaToGEDCOMShareMac/Info.plist;
				MACOSX_DEPLOYMENT_TARGET = 13.0;
				MARKETING_VERSION = 1.0;
				PRODUCT_BUNDLE_IDENTIFIER = com.psteinauer.WikipediaToGEDCOM.ShareExtension;
				PRODUCT_NAME = WikipediaToGEDCOMShareMac;
				SDKROOT = macosx;
				SKIP_INSTALL = YES;
				SWIFT_VERSION = 5.0;
			};
			name = Release;
		};
		BC00000100000000000000E1 /* Debug */ = {
			isa = XCBuildConfiguration;
			buildSettings = {
				CODE_SIGN_IDENTITY = "-";
				CODE_SIGN_STYLE = Manual;
				CURRENT_PROJECT_VERSION = 1;
				DEVELOPMENT_TEAM = "";
				MACOSX_DEPLOYMENT_TARGET = 13.0;
				MARKETING_VERSION = 1.0;
				PRODUCT_BUNDLE_IDENTIFIER = com.psteinauer.WikipediaScraper.cli;
				PRODUCT_NAME = WikipediaScraper;
				SDKROOT = macosx;
				SKIP_INSTALL = NO;
				SWIFT_VERSION = 5.0;
			};
			name = Debug;
		};
		BC00000100000000000000E2 /* Release */ = {
			isa = XCBuildConfiguration;
			buildSettings = {
				CODE_SIGN_IDENTITY = "-";
				CODE_SIGN_STYLE = Manual;
				CURRENT_PROJECT_VERSION = 1;
				DEVELOPMENT_TEAM = "";
				MACOSX_DEPLOYMENT_TARGET = 13.0;
				MARKETING_VERSION = 1.0;
				PRODUCT_BUNDLE_IDENTIFIER = com.psteinauer.WikipediaScraper.cli;
				PRODUCT_NAME = WikipediaScraper;
				SDKROOT = macosx;
				SKIP_INSTALL = NO;
				SWIFT_VERSION = 5.0;
			};
			name = Release;
		};
		BD00000100000000000000E1 /* Debug */ = {
			isa = XCBuildConfiguration;
			buildSettings = {
				BUNDLE_LOADER = "";
				CODE_SIGN_IDENTITY = "-";
				CODE_SIGN_STYLE = Manual;
				CURRENT_PROJECT_VERSION = 1;
				DEVELOPMENT_TEAM = "";
				MACOSX_DEPLOYMENT_TARGET = 13.0;
				PRODUCT_BUNDLE_IDENTIFIER = com.psteinauer.WikipediaScraperTests;
				PRODUCT_NAME = WikipediaScraperTests;
				SDKROOT = macosx;
				SWIFT_VERSION = 5.0;
				TEST_HOST = "";
			};
			name = Debug;
		};
		BD00000100000000000000E2 /* Release */ = {
			isa = XCBuildConfiguration;
			buildSettings = {
				BUNDLE_LOADER = "";
				CODE_SIGN_IDENTITY = "-";
				CODE_SIGN_STYLE = Manual;
				CURRENT_PROJECT_VERSION = 1;
				DEVELOPMENT_TEAM = "";
				MACOSX_DEPLOYMENT_TARGET = 13.0;
				PRODUCT_BUNDLE_IDENTIFIER = com.psteinauer.WikipediaScraperTests;
				PRODUCT_NAME = WikipediaScraperTests;
				SDKROOT = macosx;
				SWIFT_VERSION = 5.0;
				TEST_HOST = "";
			};
			name = Release;
		};
/* End XCBuildConfiguration section */

/* Begin XCConfigurationList section */
		BA00000100000000000000E0 /* Build configuration list for PBXNativeTarget "WikipediaScraperMac" */ = {
			isa = XCConfigurationList;
			buildConfigurations = (
				BA00000100000000000000E1 /* Debug */,
				BA00000100000000000000E2 /* Release */,
			);
			defaultConfigurationIsVisible = 0;
			defaultConfigurationName = Release;
		};
		BA00000100000000000000F1 /* Build configuration list for PBXProject "WikipediaScraperMac" */ = {
			isa = XCConfigurationList;
			buildConfigurations = (
				BA00000100000000000000F2 /* Debug */,
				BA00000100000000000000F3 /* Release */,
			);
			defaultConfigurationIsVisible = 0;
			defaultConfigurationName = Release;
		};
		BB00000100000000000000E0 /* Build configuration list for PBXNativeTarget "WikipediaToGEDCOMShareMac" */ = {
			isa = XCConfigurationList;
			buildConfigurations = (
				BB00000100000000000000E1 /* Debug */,
				BB00000100000000000000E2 /* Release */,
			);
			defaultConfigurationIsVisible = 0;
			defaultConfigurationName = Release;
		};
		BC00000100000000000000E0 /* Build configuration list for PBXNativeTarget "WikipediaScraper" */ = {
			isa = XCConfigurationList;
			buildConfigurations = (
				BC00000100000000000000E1 /* Debug */,
				BC00000100000000000000E2 /* Release */,
			);
			defaultConfigurationIsVisible = 0;
			defaultConfigurationName = Release;
		};
		BD00000100000000000000E0 /* Build configuration list for PBXNativeTarget "WikipediaScraperTests" */ = {
			isa = XCConfigurationList;
			buildConfigurations = (
				BD00000100000000000000E1 /* Debug */,
				BD00000100000000000000E2 /* Release */,
			);
			defaultConfigurationIsVisible = 0;
			defaultConfigurationName = Release;
		};
/* End XCConfigurationList section */

/* Begin XCRemoteSwiftPackageReference section */
		BC00000100000000000000A0 /* XCRemoteSwiftPackageReference "swift-argument-parser" */ = {
			isa = XCRemoteSwiftPackageReference;
			requirement = {
				kind = upToNextMajorVersion;
				minimumVersion = 1.3.0;
			};
			repositoryURL = "https://github.com/apple/swift-argument-parser";
		};
/* End XCRemoteSwiftPackageReference section */

/* Begin XCLocalSwiftPackageReference section */
		BA00000100000000000000A0 /* XCLocalSwiftPackageReference "." */ = {
			isa = XCLocalSwiftPackageReference;
			relativePath = .;
		};
/* End XCLocalSwiftPackageReference section */

/* Begin XCSwiftPackageProductDependency section */
		BA000001000000000000009F /* WikipediaScraperCore */ = {
			isa = XCSwiftPackageProductDependency;
			package = BA00000100000000000000A0 /* XCLocalSwiftPackageReference "." */;
			productName = WikipediaScraperCore;
		};
		BA00000100000000000000AF /* WikipediaScraperSharedUI */ = {
			isa = XCSwiftPackageProductDependency;
			package = BA00000100000000000000A0 /* XCLocalSwiftPackageReference "." */;
			productName = WikipediaScraperSharedUI;
		};
		BC000001000000000000009F /* WikipediaScraperCore */ = {
			isa = XCSwiftPackageProductDependency;
			package = BA00000100000000000000A0 /* XCLocalSwiftPackageReference "." */;
			productName = WikipediaScraperCore;
		};
		BC00000100000000000000AF /* ArgumentParser */ = {
			isa = XCSwiftPackageProductDependency;
			package = BC00000100000000000000A0 /* XCRemoteSwiftPackageReference "swift-argument-parser" */;
			productName = ArgumentParser;
		};
		BD00000100000000000000AF /* WikipediaScraperCore (Tests) */ = {
			isa = XCSwiftPackageProductDependency;
			package = BA00000100000000000000A0 /* XCLocalSwiftPackageReference "." */;
			productName = WikipediaScraperCore;
		};
/* End XCSwiftPackageProductDependency section */
	};
	rootObject = BA00000100000000000000F0 /* Project object */;
}
